
Microsoft Visual Studio Solution File, Format Version 12.00
# Visual Studio Version 17
VisualStudioVersion = 17.8.34525.116
MinimumVisualStudioVersion = 10.0.40219.1
Project("{FAE04EC0-301F-11D3-BF4B-00C04F79EFBC}") = "Serilization", "Serilization\Serilization.csproj", "{09437FFF-21E1-45CF-A857-EF99FE972144}"
EndProject
Global
	GlobalSection(SolutionConfigurationPlatforms) = preSolution
		Debug|Any CPU = Debug|Any CPU
		Release|Any CPU = Release|Any CPU
	EndGlobalSection
	GlobalSection(ProjectConfigurationPlatforms) = postSolution
		{09437FFF-21E1-45CF-A857-EF99FE972144}.Debug|Any CPU.ActiveCfg = Debug|Any CPU
		{09437FFF-21E1-45CF-A857-EF99FE972144}.Debug|Any CPU.Build.0 = Debug|Any CPU
		{09437FFF-21E1-45CF-A857-EF99FE972144}.Release|Any CPU.ActiveCfg = Release|Any CPU
		{09437FFF-21E1-45CF-A857-EF99FE972144}.Release|Any CPU.Build.0 = Release|Any CPU
	EndGlobalSection
	GlobalSection(SolutionProperties) = preSolution
		HideSolutionNode = FALSE
	EndGlobalSection
	GlobalSection(ExtensibilityGlobals) = postSolution
		SolutionGuid = {8AC43837-2D79-4C51-A3F6-27C6C133B758}
	EndGlobalSection
EndGlobal
