
Microsoft Visual Studio Solution File, Format Version 12.00
# Visual Studio Version 17
VisualStudioVersion = 17.8.34525.116
MinimumVisualStudioVersion = 10.0.40219.1
Project("{FAE04EC0-301F-11D3-BF4B-00C04F79EFBC}") = "Class1Homework", "Class1Homework\Class1Homework.csproj", "{962D63B8-1495-42DF-81D7-6763C74CB817}"
EndProject
Global
	GlobalSection(SolutionConfigurationPlatforms) = preSolution
		Debug|Any CPU = Debug|Any CPU
		Release|Any CPU = Release|Any CPU
	EndGlobalSection
	GlobalSection(ProjectConfigurationPlatforms) = postSolution
		{962D63B8-1495-42DF-81D7-6763C74CB817}.Debug|Any CPU.ActiveCfg = Debug|Any CPU
		{962D63B8-1495-42DF-81D7-6763C74CB817}.Debug|Any CPU.Build.0 = Debug|Any CPU
		{962D63B8-1495-42DF-81D7-6763C74CB817}.Release|Any CPU.ActiveCfg = Release|Any CPU
		{962D63B8-1495-42DF-81D7-6763C74CB817}.Release|Any CPU.Build.0 = Release|Any CPU
	EndGlobalSection
	GlobalSection(SolutionProperties) = preSolution
		HideSolutionNode = FALSE
	EndGlobalSection
	GlobalSection(ExtensibilityGlobals) = postSolution
		SolutionGuid = {EAE19736-D481-4499-8C8E-0BDAA591E3A6}
	EndGlobalSection
EndGlobal
